// !$*UTF8*$!
{
	archiveVersion = 1;
	classes = {
	};
	objectVersion = 56;
	objects = {

/* Begin PBXBuildFile section */
		2A1F4A9429C5CEC00020DF24 /* AppDelegate.swift in Sources */ = {isa = PBXBuildFile; fileRef = 2A1F4A9329C5CEC00020DF24 /* AppDelegate.swift */; };
		2A1F4A9629C5CEC00020DF24 /* SceneDelegate.swift in Sources */ = {isa = PBXBuildFile; fileRef = 2A1F4A9529C5CEC00020DF24 /* SceneDelegate.swift */; };
		2A1F4A9D29C5CEC50020DF24 /* Assets.xcassets in Resources */ = {isa = PBXBuildFile; fileRef = 2A1F4A9C29C5CEC50020DF24 /* Assets.xcassets */; };
		2A1F4AA029C5CEC50020DF24 /* LaunchScreen.storyboard in Resources */ = {isa = PBXBuildFile; fileRef = 2A1F4A9E29C5CEC50020DF24 /* LaunchScreen.storyboard */; };
		2A1F4AB029C5D4FF0020DF24 /* MainTabBarController.swift in Sources */ = {isa = PBXBuildFile; fileRef = 2A1F4AAF29C5D4FE0020DF24 /* MainTabBarController.swift */; };
		2A768E8829C60C4E0063BB20 /* Post.swift in Sources */ = {isa = PBXBuildFile; fileRef = 2A768E8729C60C4E0063BB20 /* Post.swift */; };
		2A768E8A29C6203D0063BB20 /* InfoViewController.swift in Sources */ = {isa = PBXBuildFile; fileRef = 2A768E8929C6203D0063BB20 /* InfoViewController.swift */; };
		2A9930CF29D8677A005E5EED /* PostTableViewCell.swift in Sources */ = {isa = PBXBuildFile; fileRef = 2A9930CE29D8677A005E5EED /* PostTableViewCell.swift */; };
		2A9930D129D8888E005E5EED /* Identifier.swift in Sources */ = {isa = PBXBuildFile; fileRef = 2A9930D029D8888E005E5EED /* Identifier.swift */; };
		2A9930D429D9A740005E5EED /* PhotosTableViewController.swift in Sources */ = {isa = PBXBuildFile; fileRef = 2A9930D329D9A740005E5EED /* PhotosTableViewController.swift */; };
		2A9930D829D9AEDA005E5EED /* PhotosTableViewCell.swift in Sources */ = {isa = PBXBuildFile; fileRef = 2A9930D729D9AEDA005E5EED /* PhotosTableViewCell.swift */; };
		2A9930DC29D9B89F005E5EED /* Photos.swift in Sources */ = {isa = PBXBuildFile; fileRef = 2A9930DB29D9B89F005E5EED /* Photos.swift */; };
		2AA80EB429D62A8C00EB5570 /* LogInHederView.swift in Sources */ = {isa = PBXBuildFile; fileRef = 2AA80EB329D62A8C00EB5570 /* LogInHederView.swift */; };
		2AB14F2729D08BB200923023 /* LogInViewController.swift in Sources */ = {isa = PBXBuildFile; fileRef = 2AB14F2629D08BB200923023 /* LogInViewController.swift */; };
		2AF76D0229CB9119006CBDA3 /* ProfileHeaderView.swift in Sources */ = {isa = PBXBuildFile; fileRef = 2AF76D0129CB9119006CBDA3 /* ProfileHeaderView.swift */; };
		2AFC924529C5E8E800E503AE /* FeedViewController.swift in Sources */ = {isa = PBXBuildFile; fileRef = 2AFC924429C5E8E800E503AE /* FeedViewController.swift */; };
		2AFC924729C5E90300E503AE /* ProfileViewController.swift in Sources */ = {isa = PBXBuildFile; fileRef = 2AFC924629C5E90300E503AE /* ProfileViewController.swift */; };
		2AFC924929C5EA9300E503AE /* MainViewController.swift in Sources */ = {isa = PBXBuildFile; fileRef = 2AFC924829C5EA9300E503AE /* MainViewController.swift */; };
		2AFC924B29C5EBC800E503AE /* PostViewController.swift in Sources */ = {isa = PBXBuildFile; fileRef = 2AFC924A29C5EBC700E503AE /* PostViewController.swift */; };
/* End PBXBuildFile section */

/* Begin PBXFileReference section */
		2A1F4A9029C5CEC00020DF24 /* Navigation.app */ = {isa = PBXFileReference; explicitFileType = wrapper.application; includeInIndex = 0; path = Navigation.app; sourceTree = BUILT_PRODUCTS_DIR; };
		2A1F4A9329C5CEC00020DF24 /* AppDelegate.swift */ = {isa = PBXFileReference; lastKnownFileType = sourcecode.swift; path = AppDelegate.swift; sourceTree = "<group>"; };
		2A1F4A9529C5CEC00020DF24 /* SceneDelegate.swift */ = {isa = PBXFileReference; lastKnownFileType = sourcecode.swift; path = SceneDelegate.swift; sourceTree = "<group>"; };
		2A1F4A9C29C5CEC50020DF24 /* Assets.xcassets */ = {isa = PBXFileReference; lastKnownFileType = folder.assetcatalog; path = Assets.xcassets; sourceTree = "<group>"; };
		2A1F4A9F29C5CEC50020DF24 /* Base */ = {isa = PBXFileReference; lastKnownFileType = file.storyboard; name = Base; path = Base.lproj/LaunchScreen.storyboard; sourceTree = "<group>"; };
		2A1F4AA129C5CEC50020DF24 /* Info.plist */ = {isa = PBXFileReference; lastKnownFileType = text.plist.xml; path = Info.plist; sourceTree = "<group>"; };
		2A1F4AAF29C5D4FE0020DF24 /* MainTabBarController.swift */ = {isa = PBXFileReference; lastKnownFileType = sourcecode.swift; path = MainTabBarController.swift; sourceTree = "<group>"; };
		2A768E8729C60C4E0063BB20 /* Post.swift */ = {isa = PBXFileReference; lastKnownFileType = sourcecode.swift; path = Post.swift; sourceTree = "<group>"; };
		2A768E8929C6203D0063BB20 /* InfoViewController.swift */ = {isa = PBXFileReference; lastKnownFileType = sourcecode.swift; path = InfoViewController.swift; sourceTree = "<group>"; };
		2A9930CE29D8677A005E5EED /* PostTableViewCell.swift */ = {isa = PBXFileReference; lastKnownFileType = sourcecode.swift; path = PostTableViewCell.swift; sourceTree = "<group>"; };
		2A9930D029D8888E005E5EED /* Identifier.swift */ = {isa = PBXFileReference; lastKnownFileType = sourcecode.swift; path = Identifier.swift; sourceTree = "<group>"; };
		2A9930D329D9A740005E5EED /* PhotosTableViewController.swift */ = {isa = PBXFileReference; lastKnownFileType = sourcecode.swift; path = PhotosTableViewController.swift; sourceTree = "<group>"; };
		2A9930D729D9AEDA005E5EED /* PhotosTableViewCell.swift */ = {isa = PBXFileReference; lastKnownFileType = sourcecode.swift; path = PhotosTableViewCell.swift; sourceTree = "<group>"; };
		2A9930DB29D9B89F005E5EED /* Photos.swift */ = {isa = PBXFileReference; lastKnownFileType = sourcecode.swift; path = Photos.swift; sourceTree = "<group>"; };
		2AA80EB329D62A8C00EB5570 /* LogInHederView.swift */ = {isa = PBXFileReference; lastKnownFileType = sourcecode.swift; path = LogInHederView.swift; sourceTree = "<group>"; };
		2AB14F2629D08BB200923023 /* LogInViewController.swift */ = {isa = PBXFileReference; lastKnownFileType = sourcecode.swift; path = LogInViewController.swift; sourceTree = "<group>"; };
		2AF76D0129CB9119006CBDA3 /* ProfileHeaderView.swift */ = {isa = PBXFileReference; fileEncoding = 4; lastKnownFileType = sourcecode.swift; path = ProfileHeaderView.swift; sourceTree = "<group>"; };
		2AFC924429C5E8E800E503AE /* FeedViewController.swift */ = {isa = PBXFileReference; lastKnownFileType = sourcecode.swift; path = FeedViewController.swift; sourceTree = "<group>"; };
		2AFC924629C5E90300E503AE /* ProfileViewController.swift */ = {isa = PBXFileReference; lastKnownFileType = sourcecode.swift; path = ProfileViewController.swift; sourceTree = "<group>"; };
		2AFC924829C5EA9300E503AE /* MainViewController.swift */ = {isa = PBXFileReference; lastKnownFileType = sourcecode.swift; path = MainViewController.swift; sourceTree = "<group>"; };
		2AFC924A29C5EBC700E503AE /* PostViewController.swift */ = {isa = PBXFileReference; lastKnownFileType = sourcecode.swift; path = PostViewController.swift; sourceTree = "<group>"; };
/* End PBXFileReference section */

/* Begin PBXFrameworksBuildPhase section */
		2A1F4A8D29C5CEC00020DF24 /* Frameworks */ = {
			isa = PBXFrameworksBuildPhase;
			buildActionMask = 2147483647;
			files = (
			);
			runOnlyForDeploymentPostprocessing = 0;
		};
/* End PBXFrameworksBuildPhase section */

/* Begin PBXGroup section */
		2A1F4A8729C5CEC00020DF24 = {
			isa = PBXGroup;
			children = (
				2A1F4A9229C5CEC00020DF24 /* Navigation */,
				2A1F4A9129C5CEC00020DF24 /* Products */,
			);
			sourceTree = "<group>";
		};
		2A1F4A9129C5CEC00020DF24 /* Products */ = {
			isa = PBXGroup;
			children = (
				2A1F4A9029C5CEC00020DF24 /* Navigation.app */,
			);
			name = Products;
			sourceTree = "<group>";
		};
		2A1F4A9229C5CEC00020DF24 /* Navigation */ = {
			isa = PBXGroup;
			children = (
				2A1F4A9329C5CEC00020DF24 /* AppDelegate.swift */,
				2A1F4A9529C5CEC00020DF24 /* SceneDelegate.swift */,
				2A9930D229D9A641005E5EED /* Photo */,
				2AFC924A29C5EBC700E503AE /* PostViewController.swift */,
				2A768E8B29C723560063BB20 /* Profile */,
				2A768E8929C6203D0063BB20 /* InfoViewController.swift */,
				2A9930DB29D9B89F005E5EED /* Photos.swift */,
				2A768E8729C60C4E0063BB20 /* Post.swift */,
				2A1F4AAF29C5D4FE0020DF24 /* MainTabBarController.swift */,
				2AFC924429C5E8E800E503AE /* FeedViewController.swift */,
				2AFC924829C5EA9300E503AE /* MainViewController.swift */,
				2A9930D029D8888E005E5EED /* Identifier.swift */,
				2A1F4A9C29C5CEC50020DF24 /* Assets.xcassets */,
				2A1F4A9E29C5CEC50020DF24 /* LaunchScreen.storyboard */,
				2A1F4AA129C5CEC50020DF24 /* Info.plist */,
			);
			path = Navigation;
			sourceTree = "<group>";
		};
		2A768E8B29C723560063BB20 /* Profile */ = {
			isa = PBXGroup;
			children = (
				2AF76D0129CB9119006CBDA3 /* ProfileHeaderView.swift */,
				2A9930CE29D8677A005E5EED /* PostTableViewCell.swift */,
				2AFC924629C5E90300E503AE /* ProfileViewController.swift */,
				2AA80EB329D62A8C00EB5570 /* LogInHederView.swift */,
				2AB14F2629D08BB200923023 /* LogInViewController.swift */,
			);
			path = Profile;
			sourceTree = "<group>";
		};
		2A9930D229D9A641005E5EED /* Photo */ = {
			isa = PBXGroup;
			children = (
				2A9930D329D9A740005E5EED /* PhotosTableViewController.swift */,
				2A9930D729D9AEDA005E5EED /* PhotosTableViewCell.swift */,
			);
			path = Photo;
			sourceTree = "<group>";
		};
/* End PBXGroup section */

/* Begin PBXNativeTarget section */
		2A1F4A8F29C5CEC00020DF24 /* Navigation */ = {
			isa = PBXNativeTarget;
			buildConfigurationList = 2A1F4AA429C5CEC50020DF24 /* Build configuration list for PBXNativeTarget "Navigation" */;
			buildPhases = (
				2A1F4A8C29C5CEC00020DF24 /* Sources */,
				2A1F4A8D29C5CEC00020DF24 /* Frameworks */,
				2A1F4A8E29C5CEC00020DF24 /* Resources */,
			);
			buildRules = (
			);
			dependencies = (
			);
			name = Navigation;
			productName = Navigation;
			productReference = 2A1F4A9029C5CEC00020DF24 /* Navigation.app */;
			productType = "com.apple.product-type.application";
		};
/* End PBXNativeTarget section */

/* Begin PBXProject section */
		2A1F4A8829C5CEC00020DF24 /* Project object */ = {
			isa = PBXProject;
			attributes = {
				BuildIndependentTargetsInParallel = 1;
				LastSwiftUpdateCheck = 1400;
				LastUpgradeCheck = 1400;
				TargetAttributes = {
					2A1F4A8F29C5CEC00020DF24 = {
						CreatedOnToolsVersion = 14.0.1;
					};
				};
			};
			buildConfigurationList = 2A1F4A8B29C5CEC00020DF24 /* Build configuration list for PBXProject "Navigation" */;
			compatibilityVersion = "Xcode 14.0";
			developmentRegion = en;
			hasScannedForEncodings = 0;
			knownRegions = (
				en,
				Base,
			);
			mainGroup = 2A1F4A8729C5CEC00020DF24;
			productRefGroup = 2A1F4A9129C5CEC00020DF24 /* Products */;
			projectDirPath = "";
			projectRoot = "";
			targets = (
				2A1F4A8F29C5CEC00020DF24 /* Navigation */,
			);
		};
/* End PBXProject section */

/* Begin PBXResourcesBuildPhase section */
		2A1F4A8E29C5CEC00020DF24 /* Resources */ = {
			isa = PBXResourcesBuildPhase;
			buildActionMask = 2147483647;
			files = (
				2A1F4AA029C5CEC50020DF24 /* LaunchScreen.storyboard in Resources */,
				2A1F4A9D29C5CEC50020DF24 /* Assets.xcassets in Resources */,
			);
			runOnlyForDeploymentPostprocessing = 0;
		};
/* End PBXResourcesBuildPhase section */

/* Begin PBXSourcesBuildPhase section */
		2A1F4A8C29C5CEC00020DF24 /* Sources */ = {
			isa = PBXSourcesBuildPhase;
			buildActionMask = 2147483647;
			files = (
				2A9930DC29D9B89F005E5EED /* Photos.swift in Sources */,
				2A9930D429D9A740005E5EED /* PhotosTableViewController.swift in Sources */,
				2A9930CF29D8677A005E5EED /* PostTableViewCell.swift in Sources */,
				2AFC924B29C5EBC800E503AE /* PostViewController.swift in Sources */,
				2AFC924929C5EA9300E503AE /* MainViewController.swift in Sources */,
				2AB14F2729D08BB200923023 /* LogInViewController.swift in Sources */,
				2AFC924729C5E90300E503AE /* ProfileViewController.swift in Sources */,
				2A1F4AB029C5D4FF0020DF24 /* MainTabBarController.swift in Sources */,
				2A768E8A29C6203D0063BB20 /* InfoViewController.swift in Sources */,
				2AFC924529C5E8E800E503AE /* FeedViewController.swift in Sources */,
				2A768E8829C60C4E0063BB20 /* Post.swift in Sources */,
				2AF76D0229CB9119006CBDA3 /* ProfileHeaderView.swift in Sources */,
				2A9930D129D8888E005E5EED /* Identifier.swift in Sources */,
				2A1F4A9429C5CEC00020DF24 /* AppDelegate.swift in Sources */,
				2AA80EB429D62A8C00EB5570 /* LogInHederView.swift in Sources */,
				2A9930D829D9AEDA005E5EED /* PhotosTableViewCell.swift in Sources */,
				2A1F4A9629C5CEC00020DF24 /* SceneDelegate.swift in Sources */,
			);
			runOnlyForDeploymentPostprocessing = 0;
		};
/* End PBXSourcesBuildPhase section */

/* Begin PBXVariantGroup section */
		2A1F4A9E29C5CEC50020DF24 /* LaunchScreen.storyboard */ = {
			isa = PBXVariantGroup;
			children = (
				2A1F4A9F29C5CEC50020DF24 /* Base */,
			);
			name = LaunchScreen.storyboard;
			sourceTree = "<group>";
		};
/* End PBXVariantGroup section */

/* Begin XCBuildConfiguration section */
		2A1F4AA229C5CEC50020DF24 /* Debug */ = {
			isa = XCBuildConfiguration;
			buildSettings = {
				ALWAYS_SEARCH_USER_PATHS = NO;
				CLANG_ANALYZER_NONNULL = YES;
				CLANG_ANALYZER_NUMBER_OBJECT_CONVERSION = YES_AGGRESSIVE;
				CLANG_CXX_LANGUAGE_STANDARD = "gnu++20";
				CLANG_ENABLE_MODULES = YES;
				CLANG_ENABLE_OBJC_ARC = YES;
				CLANG_ENABLE_OBJC_WEAK = YES;
				CLANG_WARN_BLOCK_CAPTURE_AUTORELEASING = YES;
				CLANG_WARN_BOOL_CONVERSION = YES;
				CLANG_WARN_COMMA = YES;
				CLANG_WARN_CONSTANT_CONVERSION = YES;
				CLANG_WARN_DEPRECATED_OBJC_IMPLEMENTATIONS = YES;
				CLANG_WARN_DIRECT_OBJC_ISA_USAGE = YES_ERROR;
				CLANG_WARN_DOCUMENTATION_COMMENTS = YES;
				CLANG_WARN_EMPTY_BODY = YES;
				CLANG_WARN_ENUM_CONVERSION = YES;
				CLANG_WARN_INFINITE_RECURSION = YES;
				CLANG_WARN_INT_CONVERSION = YES;
				CLANG_WARN_NON_LITERAL_NULL_CONVERSION = YES;
				CLANG_WARN_OBJC_IMPLICIT_RETAIN_SELF = YES;
				CLANG_WARN_OBJC_LITERAL_CONVERSION = YES;
				CLANG_WARN_OBJC_ROOT_CLASS = YES_ERROR;
				CLANG_WARN_QUOTED_INCLUDE_IN_FRAMEWORK_HEADER = YES;
				CLANG_WARN_RANGE_LOOP_ANALYSIS = YES;
				CLANG_WARN_STRICT_PROTOTYPES = YES;
				CLANG_WARN_SUSPICIOUS_MOVE = YES;
				CLANG_WARN_UNGUARDED_AVAILABILITY = YES_AGGRESSIVE;
				CLANG_WARN_UNREACHABLE_CODE = YES;
				CLANG_WARN__DUPLICATE_METHOD_MATCH = YES;
				COPY_PHASE_STRIP = NO;
				DEBUG_INFORMATION_FORMAT = dwarf;
				ENABLE_STRICT_OBJC_MSGSEND = YES;
				ENABLE_TESTABILITY = YES;
				GCC_C_LANGUAGE_STANDARD = gnu11;
				GCC_DYNAMIC_NO_PIC = NO;
				GCC_NO_COMMON_BLOCKS = YES;
				GCC_OPTIMIZATION_LEVEL = 0;
				GCC_PREPROCESSOR_DEFINITIONS = (
					"DEBUG=1",
					"$(inherited)",
				);
				GCC_WARN_64_TO_32_BIT_CONVERSION = YES;
				GCC_WARN_ABOUT_RETURN_TYPE = YES_ERROR;
				GCC_WARN_UNDECLARED_SELECTOR = YES;
				GCC_WARN_UNINITIALIZED_AUTOS = YES_AGGRESSIVE;
				GCC_WARN_UNUSED_FUNCTION = YES;
				GCC_WARN_UNUSED_VARIABLE = YES;
				IPHONEOS_DEPLOYMENT_TARGET = 16.0;
				MTL_ENABLE_DEBUG_INFO = INCLUDE_SOURCE;
				MTL_FAST_MATH = YES;
				ONLY_ACTIVE_ARCH = YES;
				SDKROOT = iphoneos;
				SWIFT_ACTIVE_COMPILATION_CONDITIONS = DEBUG;
				SWIFT_OPTIMIZATION_LEVEL = "-Onone";
			};
			name = Debug;
		};
		2A1F4AA329C5CEC50020DF24 /* Release */ = {
			isa = XCBuildConfiguration;
			buildSettings = {
				ALWAYS_SEARCH_USER_PATHS = NO;
				CLANG_ANALYZER_NONNULL = YES;
				CLANG_ANALYZER_NUMBER_OBJECT_CONVERSION = YES_AGGRESSIVE;
				CLANG_CXX_LANGUAGE_STANDARD = "gnu++20";
				CLANG_ENABLE_MODULES = YES;
				CLANG_ENABLE_OBJC_ARC = YES;
				CLANG_ENABLE_OBJC_WEAK = YES;
				CLANG_WARN_BLOCK_CAPTURE_AUTORELEASING = YES;
				CLANG_WARN_BOOL_CONVERSION = YES;
				CLANG_WARN_COMMA = YES;
				CLANG_WARN_CONSTANT_CONVERSION = YES;
				CLANG_WARN_DEPRECATED_OBJC_IMPLEMENTATIONS = YES;
				CLANG_WARN_DIRECT_OBJC_ISA_USAGE = YES_ERROR;
				CLANG_WARN_DOCUMENTATION_COMMENTS = YES;
				CLANG_WARN_EMPTY_BODY = YES;
				CLANG_WARN_ENUM_CONVERSION = YES;
				CLANG_WARN_INFINITE_RECURSION = YES;
				CLANG_WARN_INT_CONVERSION = YES;
				CLANG_WARN_NON_LITERAL_NULL_CONVERSION = YES;
				CLANG_WARN_OBJC_IMPLICIT_RETAIN_SELF = YES;
				CLANG_WARN_OBJC_LITERAL_CONVERSION = YES;
				CLANG_WARN_OBJC_ROOT_CLASS = YES_ERROR;
				CLANG_WARN_QUOTED_INCLUDE_IN_FRAMEWORK_HEADER = YES;
				CLANG_WARN_RANGE_LOOP_ANALYSIS = YES;
				CLANG_WARN_STRICT_PROTOTYPES = YES;
				CLANG_WARN_SUSPICIOUS_MOVE = YES;
				CLANG_WARN_UNGUARDED_AVAILABILITY = YES_AGGRESSIVE;
				CLANG_WARN_UNREACHABLE_CODE = YES;
				CLANG_WARN__DUPLICATE_METHOD_MATCH = YES;
				COPY_PHASE_STRIP = NO;
				DEBUG_INFORMATION_FORMAT = "dwarf-with-dsym";
				ENABLE_NS_ASSERTIONS = NO;
				ENABLE_STRICT_OBJC_MSGSEND = YES;
				GCC_C_LANGUAGE_STANDARD = gnu11;
				GCC_NO_COMMON_BLOCKS = YES;
				GCC_WARN_64_TO_32_BIT_CONVERSION = YES;
				GCC_WARN_ABOUT_RETURN_TYPE = YES_ERROR;
				GCC_WARN_UNDECLARED_SELECTOR = YES;
				GCC_WARN_UNINITIALIZED_AUTOS = YES_AGGRESSIVE;
				GCC_WARN_UNUSED_FUNCTION = YES;
				GCC_WARN_UNUSED_VARIABLE = YES;
				IPHONEOS_DEPLOYMENT_TARGET = 16.0;
				MTL_ENABLE_DEBUG_INFO = NO;
				MTL_FAST_MATH = YES;
				SDKROOT = iphoneos;
				SWIFT_COMPILATION_MODE = wholemodule;
				SWIFT_OPTIMIZATION_LEVEL = "-O";
				VALIDATE_PRODUCT = YES;
			};
			name = Release;
		};
		2A1F4AA529C5CEC50020DF24 /* Debug */ = {
			isa = XCBuildConfiguration;
			buildSettings = {
				ASSETCATALOG_COMPILER_APPICON_NAME = AppIcon;
				ASSETCATALOG_COMPILER_GLOBAL_ACCENT_COLOR_NAME = AccentColor;
				CODE_SIGN_STYLE = Automatic;
				CURRENT_PROJECT_VERSION = 1;
				GENERATE_INFOPLIST_FILE = YES;
				INFOPLIST_FILE = Navigation/Info.plist;
				INFOPLIST_KEY_UIApplicationSupportsIndirectInputEvents = YES;
				INFOPLIST_KEY_UILaunchStoryboardName = LaunchScreen;
				INFOPLIST_KEY_UISupportedInterfaceOrientations_iPad = "UIInterfaceOrientationPortrait UIInterfaceOrientationPortraitUpsideDown UIInterfaceOrientationLandscapeLeft UIInterfaceOrientationLandscapeRight";
				INFOPLIST_KEY_UISupportedInterfaceOrientations_iPhone = "UIInterfaceOrientationPortrait UIInterfaceOrientationLandscapeLeft UIInterfaceOrientationLandscapeRight";
				LD_RUNPATH_SEARCH_PATHS = (
					"$(inherited)",
					"@executable_path/Frameworks",
				);
				MARKETING_VERSION = 1.0;
				PRODUCT_BUNDLE_IDENTIFIER = ios.cp3.derevianko.Navigation;
				PRODUCT_NAME = "$(TARGET_NAME)";
				SWIFT_EMIT_LOC_STRINGS = YES;
				SWIFT_VERSION = 5.0;
				TARGETED_DEVICE_FAMILY = "1,2";
			};
			name = Debug;
		};
		2A1F4AA629C5CEC50020DF24 /* Release */ = {
			isa = XCBuildConfiguration;
			buildSettings = {
				ASSETCATALOG_COMPILER_APPICON_NAME = AppIcon;
				ASSETCATALOG_COMPILER_GLOBAL_ACCENT_COLOR_NAME = AccentColor;
				CODE_SIGN_STYLE = Automatic;
				CURRENT_PROJECT_VERSION = 1;
				GENERATE_INFOPLIST_FILE = YES;
				INFOPLIST_FILE = Navigation/Info.plist;
				INFOPLIST_KEY_UIApplicationSupportsIndirectInputEvents = YES;
				INFOPLIST_KEY_UILaunchStoryboardName = LaunchScreen;
				INFOPLIST_KEY_UISupportedInterfaceOrientations_iPad = "UIInterfaceOrientationPortrait UIInterfaceOrientationPortraitUpsideDown UIInterfaceOrientationLandscapeLeft UIInterfaceOrientationLandscapeRight";
				INFOPLIST_KEY_UISupportedInterfaceOrientations_iPhone = "UIInterfaceOrientationPortrait UIInterfaceOrientationLandscapeLeft UIInterfaceOrientationLandscapeRight";
				LD_RUNPATH_SEARCH_PATHS = (
					"$(inherited)",
					"@executable_path/Frameworks",
				);
				MARKETING_VERSION = 1.0;
				PRODUCT_BUNDLE_IDENTIFIER = ios.cp3.derevianko.Navigation;
				PRODUCT_NAME = "$(TARGET_NAME)";
				SWIFT_EMIT_LOC_STRINGS = YES;
				SWIFT_VERSION = 5.0;
				TARGETED_DEVICE_FAMILY = "1,2";
			};
			name = Release;
		};
/* End XCBuildConfiguration section */

/* Begin XCConfigurationList section */
		2A1F4A8B29C5CEC00020DF24 /* Build configuration list for PBXProject "Navigation" */ = {
			isa = XCConfigurationList;
			buildConfigurations = (
				2A1F4AA229C5CEC50020DF24 /* Debug */,
				2A1F4AA329C5CEC50020DF24 /* Release */,
			);
			defaultConfigurationIsVisible = 0;
			defaultConfigurationName = Release;
		};
		2A1F4AA429C5CEC50020DF24 /* Build configuration list for PBXNativeTarget "Navigation" */ = {
			isa = XCConfigurationList;
			buildConfigurations = (
				2A1F4AA529C5CEC50020DF24 /* Debug */,
				2A1F4AA629C5CEC50020DF24 /* Release */,
			);
			defaultConfigurationIsVisible = 0;
			defaultConfigurationName = Release;
		};
/* End XCConfigurationList section */
	};
	rootObject = 2A1F4A8829C5CEC00020DF24 /* Project object */;
}
